
Microsoft Visual Studio Solution File, Format Version 12.00
# Visual Studio Version 17
VisualStudioVersion = 17.12.35506.116 d17.12
MinimumVisualStudioVersion = 10.0.40219.1
Project("{FAE04EC0-301F-11D3-BF4B-00C04F79EFBC}") = "NTC.FamilyManager", "NTC.FamilyManager.csproj", "{E22A5BA0-1AE1-43A2-9721-E3353B690F1E}"
EndProject
Global
	GlobalSection(SolutionConfigurationPlatforms) = preSolution
		D2020|Any CPU = D2020|Any CPU
		D2021|Any CPU = D2021|Any CPU
		D2022|Any CPU = D2022|Any CPU
		D2023|Any CPU = D2023|Any CPU
		D2024|Any CPU = D2024|Any CPU
		D2025|Any CPU = D2025|Any CPU
		R2020|Any CPU = R2020|Any CPU
		R2021|Any CPU = R2021|Any CPU
		R2022|Any CPU = R2022|Any CPU
		R2023|Any CPU = R2023|Any CPU
		R2024|Any CPU = R2024|Any CPU
		R2025|Any CPU = R2025|Any CPU
	EndGlobalSection
	GlobalSection(ProjectConfigurationPlatforms) = postSolution
		{E22A5BA0-1AE1-43A2-9721-E3353B690F1E}.D2020|Any CPU.ActiveCfg = D2020|Any CPU
		{E22A5BA0-1AE1-43A2-9721-E3353B690F1E}.D2020|Any CPU.Build.0 = D2020|Any CPU
		{E22A5BA0-1AE1-43A2-9721-E3353B690F1E}.D2021|Any CPU.ActiveCfg = D2021|Any CPU
		{E22A5BA0-1AE1-43A2-9721-E3353B690F1E}.D2021|Any CPU.Build.0 = D2021|Any CPU
		{E22A5BA0-1AE1-43A2-9721-E3353B690F1E}.D2022|Any CPU.ActiveCfg = D2022|Any CPU
		{E22A5BA0-1AE1-43A2-9721-E3353B690F1E}.D2022|Any CPU.Build.0 = D2022|Any CPU
		{E22A5BA0-1AE1-43A2-9721-E3353B690F1E}.D2023|Any CPU.ActiveCfg = D2023|Any CPU
		{E22A5BA0-1AE1-43A2-9721-E3353B690F1E}.D2023|Any CPU.Build.0 = D2023|Any CPU
		{E22A5BA0-1AE1-43A2-9721-E3353B690F1E}.D2024|Any CPU.ActiveCfg = D2024|Any CPU
		{E22A5BA0-1AE1-43A2-9721-E3353B690F1E}.D2024|Any CPU.Build.0 = D2024|Any CPU
		{E22A5BA0-1AE1-43A2-9721-E3353B690F1E}.D2025|Any CPU.ActiveCfg = D2025|Any CPU
		{E22A5BA0-1AE1-43A2-9721-E3353B690F1E}.D2025|Any CPU.Build.0 = D2025|Any CPU
		{E22A5BA0-1AE1-43A2-9721-E3353B690F1E}.R2020|Any CPU.ActiveCfg = R2020|Any CPU
		{E22A5BA0-1AE1-43A2-9721-E3353B690F1E}.R2020|Any CPU.Build.0 = R2020|Any CPU
		{E22A5BA0-1AE1-43A2-9721-E3353B690F1E}.R2021|Any CPU.ActiveCfg = R2021|Any CPU
		{E22A5BA0-1AE1-43A2-9721-E3353B690F1E}.R2021|Any CPU.Build.0 = R2021|Any CPU
		{E22A5BA0-1AE1-43A2-9721-E3353B690F1E}.R2022|Any CPU.ActiveCfg = R2022|Any CPU
		{E22A5BA0-1AE1-43A2-9721-E3353B690F1E}.R2022|Any CPU.Build.0 = R2022|Any CPU
		{E22A5BA0-1AE1-43A2-9721-E3353B690F1E}.R2023|Any CPU.ActiveCfg = R2023|Any CPU
		{E22A5BA0-1AE1-43A2-9721-E3353B690F1E}.R2023|Any CPU.Build.0 = R2023|Any CPU
		{E22A5BA0-1AE1-43A2-9721-E3353B690F1E}.R2024|Any CPU.ActiveCfg = R2024|Any CPU
		{E22A5BA0-1AE1-43A2-9721-E3353B690F1E}.R2024|Any CPU.Build.0 = R2024|Any CPU
		{E22A5BA0-1AE1-43A2-9721-E3353B690F1E}.R2025|Any CPU.ActiveCfg = R2025|Any CPU
		{E22A5BA0-1AE1-43A2-9721-E3353B690F1E}.R2025|Any CPU.Build.0 = R2025|Any CPU
	EndGlobalSection
	GlobalSection(SolutionProperties) = preSolution
		HideSolutionNode = FALSE
	EndGlobalSection
EndGlobal
